// !$*UTF8*$!
{
	archiveVersion = 1;
	classes = {
	};
	objectVersion = 56;
	objects = {

/* Begin PBXBuildFile section */
		62285FED2BB010750079DF8B /* AppStoreDemoApp.swift in Sources */ = {isa = PBXBuildFile; fileRef = 62285FEC2BB010750079DF8B /* AppStoreDemoApp.swift */; };
		62285FF12BB010760079DF8B /* Assets.xcassets in Resources */ = {isa = PBXBuildFile; fileRef = 62285FF02BB010760079DF8B /* Assets.xcassets */; };
		62285FF42BB010760079DF8B /* Preview Assets.xcassets in Resources */ = {isa = PBXBuildFile; fileRef = 62285FF32BB010760079DF8B /* Preview Assets.xcassets */; };
		62285FFB2BB010CB0079DF8B /* TodayView.swift in Sources */ = {isa = PBXBuildFile; fileRef = 62285FFA2BB010CB0079DF8B /* TodayView.swift */; };
		62285FFD2BB0245D0079DF8B /* CardView.swift in Sources */ = {isa = PBXBuildFile; fileRef = 62285FFC2BB0245D0079DF8B /* CardView.swift */; };
		622860002BB025D30079DF8B /* CardContentModel.swift in Sources */ = {isa = PBXBuildFile; fileRef = 62285FFF2BB025D30079DF8B /* CardContentModel.swift */; };
		622860022BB115620079DF8B /* CardDetailView.swift in Sources */ = {isa = PBXBuildFile; fileRef = 622860012BB115620079DF8B /* CardDetailView.swift */; };
		622860052BB121100079DF8B /* ContentView.swift in Sources */ = {isa = PBXBuildFile; fileRef = 622860042BB121100079DF8B /* ContentView.swift */; };
		622860072BB2AC8D0079DF8B /* Animations.swift in Sources */ = {isa = PBXBuildFile; fileRef = 622860062BB2AC8D0079DF8B /* Animations.swift */; };
		6228600A2BB2B5C50079DF8B /* GameView.swift in Sources */ = {isa = PBXBuildFile; fileRef = 622860092BB2B5C50079DF8B /* GameView.swift */; };
		6228600C2BB2B5D10079DF8B /* AppView.swift in Sources */ = {isa = PBXBuildFile; fileRef = 6228600B2BB2B5D10079DF8B /* AppView.swift */; };
		6228600E2BB2B5DD0079DF8B /* SearchView.swift in Sources */ = {isa = PBXBuildFile; fileRef = 6228600D2BB2B5DD0079DF8B /* SearchView.swift */; };
		622860112BB2BAE80079DF8B /* AvatarView.swift in Sources */ = {isa = PBXBuildFile; fileRef = 622860102BB2BAE80079DF8B /* AvatarView.swift */; };
		627CF14A2BB900E60075325A /* EventModel.swift in Sources */ = {isa = PBXBuildFile; fileRef = 627CF1492BB900E60075325A /* EventModel.swift */; };
		627CF14C2BB963170075325A /* RankModel.swift in Sources */ = {isa = PBXBuildFile; fileRef = 627CF14B2BB963170075325A /* RankModel.swift */; };
		6287AC212BB6ABAD00E8C761 /* HeaderView.swift in Sources */ = {isa = PBXBuildFile; fileRef = 6287AC202BB6ABAD00E8C761 /* HeaderView.swift */; };
		6287AC232BB6BFF600E8C761 /* AppIntro.swift in Sources */ = {isa = PBXBuildFile; fileRef = 6287AC222BB6BFF600E8C761 /* AppIntro.swift */; };
		6287AC252BB6C55F00E8C761 /* TitleView.swift in Sources */ = {isa = PBXBuildFile; fileRef = 6287AC242BB6C55F00E8C761 /* TitleView.swift */; };
		6287AC272BB6CD1E00E8C761 /* TagModel.swift in Sources */ = {isa = PBXBuildFile; fileRef = 6287AC262BB6CD1E00E8C761 /* TagModel.swift */; };
		6287AC292BB7B2BA00E8C761 /* RankView.swift in Sources */ = {isa = PBXBuildFile; fileRef = 6287AC282BB7B2BA00E8C761 /* RankView.swift */; };
		6287AC2E2BB82C6300E8C761 /* EventView.swift in Sources */ = {isa = PBXBuildFile; fileRef = 6287AC2D2BB82C6300E8C761 /* EventView.swift */; };
		6287AC302BB82CA600E8C761 /* TagView.swift in Sources */ = {isa = PBXBuildFile; fileRef = 6287AC2F2BB82CA600E8C761 /* TagView.swift */; };
/* End PBXBuildFile section */

/* Begin PBXFileReference section */
		62285FE92BB010750079DF8B /* AppStoreDemo.app */ = {isa = PBXFileReference; explicitFileType = wrapper.application; includeInIndex = 0; path = AppStoreDemo.app; sourceTree = BUILT_PRODUCTS_DIR; };
		62285FEC2BB010750079DF8B /* AppStoreDemoApp.swift */ = {isa = PBXFileReference; lastKnownFileType = sourcecode.swift; path = AppStoreDemoApp.swift; sourceTree = "<group>"; };
		62285FF02BB010760079DF8B /* Assets.xcassets */ = {isa = PBXFileReference; lastKnownFileType = folder.assetcatalog; path = Assets.xcassets; sourceTree = "<group>"; };
		62285FF32BB010760079DF8B /* Preview Assets.xcassets */ = {isa = PBXFileReference; lastKnownFileType = folder.assetcatalog; path = "Preview Assets.xcassets"; sourceTree = "<group>"; };
		62285FFA2BB010CB0079DF8B /* TodayView.swift */ = {isa = PBXFileReference; lastKnownFileType = sourcecode.swift; path = TodayView.swift; sourceTree = "<group>"; };
		62285FFC2BB0245D0079DF8B /* CardView.swift */ = {isa = PBXFileReference; lastKnownFileType = sourcecode.swift; path = CardView.swift; sourceTree = "<group>"; };
		62285FFF2BB025D30079DF8B /* CardContentModel.swift */ = {isa = PBXFileReference; lastKnownFileType = sourcecode.swift; path = CardContentModel.swift; sourceTree = "<group>"; };
		622860012BB115620079DF8B /* CardDetailView.swift */ = {isa = PBXFileReference; lastKnownFileType = sourcecode.swift; path = CardDetailView.swift; sourceTree = "<group>"; };
		622860042BB121100079DF8B /* ContentView.swift */ = {isa = PBXFileReference; lastKnownFileType = sourcecode.swift; path = ContentView.swift; sourceTree = "<group>"; };
		622860062BB2AC8D0079DF8B /* Animations.swift */ = {isa = PBXFileReference; lastKnownFileType = sourcecode.swift; path = Animations.swift; sourceTree = "<group>"; };
		622860092BB2B5C50079DF8B /* GameView.swift */ = {isa = PBXFileReference; lastKnownFileType = sourcecode.swift; path = GameView.swift; sourceTree = "<group>"; };
		6228600B2BB2B5D10079DF8B /* AppView.swift */ = {isa = PBXFileReference; lastKnownFileType = sourcecode.swift; path = AppView.swift; sourceTree = "<group>"; };
		6228600D2BB2B5DD0079DF8B /* SearchView.swift */ = {isa = PBXFileReference; lastKnownFileType = sourcecode.swift; path = SearchView.swift; sourceTree = "<group>"; };
		622860102BB2BAE80079DF8B /* AvatarView.swift */ = {isa = PBXFileReference; lastKnownFileType = sourcecode.swift; path = AvatarView.swift; sourceTree = "<group>"; };
		627CF1492BB900E60075325A /* EventModel.swift */ = {isa = PBXFileReference; lastKnownFileType = sourcecode.swift; path = EventModel.swift; sourceTree = "<group>"; };
		627CF14B2BB963170075325A /* RankModel.swift */ = {isa = PBXFileReference; lastKnownFileType = sourcecode.swift; path = RankModel.swift; sourceTree = "<group>"; };
		6287AC202BB6ABAD00E8C761 /* HeaderView.swift */ = {isa = PBXFileReference; lastKnownFileType = sourcecode.swift; path = HeaderView.swift; sourceTree = "<group>"; };
		6287AC222BB6BFF600E8C761 /* AppIntro.swift */ = {isa = PBXFileReference; lastKnownFileType = sourcecode.swift; path = AppIntro.swift; sourceTree = "<group>"; };
		6287AC242BB6C55F00E8C761 /* TitleView.swift */ = {isa = PBXFileReference; lastKnownFileType = sourcecode.swift; path = TitleView.swift; sourceTree = "<group>"; };
		6287AC262BB6CD1E00E8C761 /* TagModel.swift */ = {isa = PBXFileReference; lastKnownFileType = sourcecode.swift; path = TagModel.swift; sourceTree = "<group>"; };
		6287AC282BB7B2BA00E8C761 /* RankView.swift */ = {isa = PBXFileReference; lastKnownFileType = sourcecode.swift; path = RankView.swift; sourceTree = "<group>"; };
		6287AC2D2BB82C6300E8C761 /* EventView.swift */ = {isa = PBXFileReference; lastKnownFileType = sourcecode.swift; path = EventView.swift; sourceTree = "<group>"; };
		6287AC2F2BB82CA600E8C761 /* TagView.swift */ = {isa = PBXFileReference; lastKnownFileType = sourcecode.swift; path = TagView.swift; sourceTree = "<group>"; };
/* End PBXFileReference section */

/* Begin PBXFrameworksBuildPhase section */
		62285FE62BB010750079DF8B /* Frameworks */ = {
			isa = PBXFrameworksBuildPhase;
			buildActionMask = 2147483647;
			files = (
			);
			runOnlyForDeploymentPostprocessing = 0;
		};
/* End PBXFrameworksBuildPhase section */

/* Begin PBXGroup section */
		62285FE02BB010750079DF8B = {
			isa = PBXGroup;
			children = (
				62285FEB2BB010750079DF8B /* AppStoreDemo */,
				62285FEA2BB010750079DF8B /* Products */,
			);
			sourceTree = "<group>";
		};
		62285FEA2BB010750079DF8B /* Products */ = {
			isa = PBXGroup;
			children = (
				62285FE92BB010750079DF8B /* AppStoreDemo.app */,
			);
			name = Products;
			sourceTree = "<group>";
		};
		62285FEB2BB010750079DF8B /* AppStoreDemo */ = {
			isa = PBXGroup;
			children = (
				62285FEC2BB010750079DF8B /* AppStoreDemoApp.swift */,
				622860042BB121100079DF8B /* ContentView.swift */,
				6228600F2BB2BABC0079DF8B /* My */,
				622860082BB2B5AB0079DF8B /* Views */,
				622860032BB1156A0079DF8B /* Component */,
				62285FFE2BB025950079DF8B /* model */,
				62285FF02BB010760079DF8B /* Assets.xcassets */,
				62285FF22BB010760079DF8B /* Preview Content */,
			);
			path = AppStoreDemo;
			sourceTree = "<group>";
		};
		62285FF22BB010760079DF8B /* Preview Content */ = {
			isa = PBXGroup;
			children = (
				62285FF32BB010760079DF8B /* Preview Assets.xcassets */,
			);
			path = "Preview Content";
			sourceTree = "<group>";
		};
		62285FFE2BB025950079DF8B /* model */ = {
			isa = PBXGroup;
			children = (
				62285FFF2BB025D30079DF8B /* CardContentModel.swift */,
				6287AC262BB6CD1E00E8C761 /* TagModel.swift */,
				627CF1492BB900E60075325A /* EventModel.swift */,
				627CF14B2BB963170075325A /* RankModel.swift */,
			);
			path = model;
			sourceTree = "<group>";
		};
		622860032BB1156A0079DF8B /* Component */ = {
			isa = PBXGroup;
			children = (
				6287AC2C2BB8279700E8C761 /* subComponents */,
				62285FFC2BB0245D0079DF8B /* CardView.swift */,
				6287AC282BB7B2BA00E8C761 /* RankView.swift */,
				6287AC2D2BB82C6300E8C761 /* EventView.swift */,
				6287AC202BB6ABAD00E8C761 /* HeaderView.swift */,
				6287AC2F2BB82CA600E8C761 /* TagView.swift */,
				622860012BB115620079DF8B /* CardDetailView.swift */,
				622860102BB2BAE80079DF8B /* AvatarView.swift */,
			);
			path = Component;
			sourceTree = "<group>";
		};
		622860082BB2B5AB0079DF8B /* Views */ = {
			isa = PBXGroup;
			children = (
				62285FFA2BB010CB0079DF8B /* TodayView.swift */,
				622860092BB2B5C50079DF8B /* GameView.swift */,
				6228600B2BB2B5D10079DF8B /* AppView.swift */,
				6228600D2BB2B5DD0079DF8B /* SearchView.swift */,
			);
			path = Views;
			sourceTree = "<group>";
		};
		6228600F2BB2BABC0079DF8B /* My */ = {
			isa = PBXGroup;
			children = (
				622860062BB2AC8D0079DF8B /* Animations.swift */,
			);
			path = My;
			sourceTree = "<group>";
		};
		6287AC2C2BB8279700E8C761 /* subComponents */ = {
			isa = PBXGroup;
			children = (
				6287AC222BB6BFF600E8C761 /* AppIntro.swift */,
				6287AC242BB6C55F00E8C761 /* TitleView.swift */,
			);
			path = subComponents;
			sourceTree = "<group>";
		};
/* End PBXGroup section */

/* Begin PBXNativeTarget section */
		62285FE82BB010750079DF8B /* AppStoreDemo */ = {
			isa = PBXNativeTarget;
			buildConfigurationList = 62285FF72BB010760079DF8B /* Build configuration list for PBXNativeTarget "AppStoreDemo" */;
			buildPhases = (
				62285FE52BB010750079DF8B /* Sources */,
				62285FE62BB010750079DF8B /* Frameworks */,
				62285FE72BB010750079DF8B /* Resources */,
			);
			buildRules = (
			);
			dependencies = (
			);
			name = AppStoreDemo;
			productName = AppStoreDemo;
			productReference = 62285FE92BB010750079DF8B /* AppStoreDemo.app */;
			productType = "com.apple.product-type.application";
		};
/* End PBXNativeTarget section */

/* Begin PBXProject section */
		62285FE12BB010750079DF8B /* Project object */ = {
			isa = PBXProject;
			attributes = {
				BuildIndependentTargetsInParallel = 1;
				LastSwiftUpdateCheck = 1520;
				LastUpgradeCheck = 1520;
				TargetAttributes = {
					62285FE82BB010750079DF8B = {
						CreatedOnToolsVersion = 15.2;
					};
				};
			};
			buildConfigurationList = 62285FE42BB010750079DF8B /* Build configuration list for PBXProject "AppStoreDemo" */;
			compatibilityVersion = "Xcode 14.0";
			developmentRegion = en;
			hasScannedForEncodings = 0;
			knownRegions = (
				en,
				Base,
			);
			mainGroup = 62285FE02BB010750079DF8B;
			productRefGroup = 62285FEA2BB010750079DF8B /* Products */;
			projectDirPath = "";
			projectRoot = "";
			targets = (
				62285FE82BB010750079DF8B /* AppStoreDemo */,
			);
		};
/* End PBXProject section */

/* Begin PBXResourcesBuildPhase section */
		62285FE72BB010750079DF8B /* Resources */ = {
			isa = PBXResourcesBuildPhase;
			buildActionMask = 2147483647;
			files = (
				62285FF42BB010760079DF8B /* Preview Assets.xcassets in Resources */,
				62285FF12BB010760079DF8B /* Assets.xcassets in Resources */,
			);
			runOnlyForDeploymentPostprocessing = 0;
		};
/* End PBXResourcesBuildPhase section */

/* Begin PBXSourcesBuildPhase section */
		62285FE52BB010750079DF8B /* Sources */ = {
			isa = PBXSourcesBuildPhase;
			buildActionMask = 2147483647;
			files = (
				6287AC2E2BB82C6300E8C761 /* EventView.swift in Sources */,
				627CF14C2BB963170075325A /* RankModel.swift in Sources */,
				6228600E2BB2B5DD0079DF8B /* SearchView.swift in Sources */,
				622860002BB025D30079DF8B /* CardContentModel.swift in Sources */,
				62285FFB2BB010CB0079DF8B /* TodayView.swift in Sources */,
				6287AC252BB6C55F00E8C761 /* TitleView.swift in Sources */,
				6228600C2BB2B5D10079DF8B /* AppView.swift in Sources */,
				6287AC272BB6CD1E00E8C761 /* TagModel.swift in Sources */,
				622860112BB2BAE80079DF8B /* AvatarView.swift in Sources */,
				627CF14A2BB900E60075325A /* EventModel.swift in Sources */,
				622860052BB121100079DF8B /* ContentView.swift in Sources */,
				622860022BB115620079DF8B /* CardDetailView.swift in Sources */,
				6287AC212BB6ABAD00E8C761 /* HeaderView.swift in Sources */,
				62285FFD2BB0245D0079DF8B /* CardView.swift in Sources */,
				62285FED2BB010750079DF8B /* AppStoreDemoApp.swift in Sources */,
				6287AC302BB82CA600E8C761 /* TagView.swift in Sources */,
				6228600A2BB2B5C50079DF8B /* GameView.swift in Sources */,
				6287AC232BB6BFF600E8C761 /* AppIntro.swift in Sources */,
				6287AC292BB7B2BA00E8C761 /* RankView.swift in Sources */,
				622860072BB2AC8D0079DF8B /* Animations.swift in Sources */,
			);
			runOnlyForDeploymentPostprocessing = 0;
		};
/* End PBXSourcesBuildPhase section */

/* Begin XCBuildConfiguration section */
		62285FF52BB010760079DF8B /* Debug */ = {
			isa = XCBuildConfiguration;
			buildSettings = {
				ALWAYS_SEARCH_USER_PATHS = NO;
				ASSETCATALOG_COMPILER_GENERATE_SWIFT_ASSET_SYMBOL_EXTENSIONS = YES;
				CLANG_ANALYZER_NONNULL = YES;
				CLANG_ANALYZER_NUMBER_OBJECT_CONVERSION = YES_AGGRESSIVE;
				CLANG_CXX_LANGUAGE_STANDARD = "gnu++20";
				CLANG_ENABLE_MODULES = YES;
				CLANG_ENABLE_OBJC_ARC = YES;
				CLANG_ENABLE_OBJC_WEAK = YES;
				CLANG_WARN_BLOCK_CAPTURE_AUTORELEASING = YES;
				CLANG_WARN_BOOL_CONVERSION = YES;
				CLANG_WARN_COMMA = YES;
				CLANG_WARN_CONSTANT_CONVERSION = YES;
				CLANG_WARN_DEPRECATED_OBJC_IMPLEMENTATIONS = YES;
				CLANG_WARN_DIRECT_OBJC_ISA_USAGE = YES_ERROR;
				CLANG_WARN_DOCUMENTATION_COMMENTS = YES;
				CLANG_WARN_EMPTY_BODY = YES;
				CLANG_WARN_ENUM_CONVERSION = YES;
				CLANG_WARN_INFINITE_RECURSION = YES;
				CLANG_WARN_INT_CONVERSION = YES;
				CLANG_WARN_NON_LITERAL_NULL_CONVERSION = YES;
				CLANG_WARN_OBJC_IMPLICIT_RETAIN_SELF = YES;
				CLANG_WARN_OBJC_LITERAL_CONVERSION = YES;
				CLANG_WARN_OBJC_ROOT_CLASS = YES_ERROR;
				CLANG_WARN_QUOTED_INCLUDE_IN_FRAMEWORK_HEADER = YES;
				CLANG_WARN_RANGE_LOOP_ANALYSIS = YES;
				CLANG_WARN_STRICT_PROTOTYPES = YES;
				CLANG_WARN_SUSPICIOUS_MOVE = YES;
				CLANG_WARN_UNGUARDED_AVAILABILITY = YES_AGGRESSIVE;
				CLANG_WARN_UNREACHABLE_CODE = YES;
				CLANG_WARN__DUPLICATE_METHOD_MATCH = YES;
				COPY_PHASE_STRIP = NO;
				DEBUG_INFORMATION_FORMAT = dwarf;
				ENABLE_STRICT_OBJC_MSGSEND = YES;
				ENABLE_TESTABILITY = YES;
				ENABLE_USER_SCRIPT_SANDBOXING = YES;
				GCC_C_LANGUAGE_STANDARD = gnu17;
				GCC_DYNAMIC_NO_PIC = NO;
				GCC_NO_COMMON_BLOCKS = YES;
				GCC_OPTIMIZATION_LEVEL = 0;
				GCC_PREPROCESSOR_DEFINITIONS = (
					"DEBUG=1",
					"$(inherited)",
				);
				GCC_WARN_64_TO_32_BIT_CONVERSION = YES;
				GCC_WARN_ABOUT_RETURN_TYPE = YES_ERROR;
				GCC_WARN_UNDECLARED_SELECTOR = YES;
				GCC_WARN_UNINITIALIZED_AUTOS = YES_AGGRESSIVE;
				GCC_WARN_UNUSED_FUNCTION = YES;
				GCC_WARN_UNUSED_VARIABLE = YES;
				IPHONEOS_DEPLOYMENT_TARGET = 17.2;
				LOCALIZATION_PREFERS_STRING_CATALOGS = YES;
				MTL_ENABLE_DEBUG_INFO = INCLUDE_SOURCE;
				MTL_FAST_MATH = YES;
				ONLY_ACTIVE_ARCH = YES;
				SDKROOT = iphoneos;
				SWIFT_ACTIVE_COMPILATION_CONDITIONS = "DEBUG $(inherited)";
				SWIFT_OPTIMIZATION_LEVEL = "-Onone";
			};
			name = Debug;
		};
		62285FF62BB010760079DF8B /* Release */ = {
			isa = XCBuildConfiguration;
			buildSettings = {
				ALWAYS_SEARCH_USER_PATHS = NO;
				ASSETCATALOG_COMPILER_GENERATE_SWIFT_ASSET_SYMBOL_EXTENSIONS = YES;
				CLANG_ANALYZER_NONNULL = YES;
				CLANG_ANALYZER_NUMBER_OBJECT_CONVERSION = YES_AGGRESSIVE;
				CLANG_CXX_LANGUAGE_STANDARD = "gnu++20";
				CLANG_ENABLE_MODULES = YES;
				CLANG_ENABLE_OBJC_ARC = YES;
				CLANG_ENABLE_OBJC_WEAK = YES;
				CLANG_WARN_BLOCK_CAPTURE_AUTORELEASING = YES;
				CLANG_WARN_BOOL_CONVERSION = YES;
				CLANG_WARN_COMMA = YES;
				CLANG_WARN_CONSTANT_CONVERSION = YES;
				CLANG_WARN_DEPRECATED_OBJC_IMPLEMENTATIONS = YES;
				CLANG_WARN_DIRECT_OBJC_ISA_USAGE = YES_ERROR;
				CLANG_WARN_DOCUMENTATION_COMMENTS = YES;
				CLANG_WARN_EMPTY_BODY = YES;
				CLANG_WARN_ENUM_CONVERSION = YES;
				CLANG_WARN_INFINITE_RECURSION = YES;
				CLANG_WARN_INT_CONVERSION = YES;
				CLANG_WARN_NON_LITERAL_NULL_CONVERSION = YES;
				CLANG_WARN_OBJC_IMPLICIT_RETAIN_SELF = YES;
				CLANG_WARN_OBJC_LITERAL_CONVERSION = YES;
				CLANG_WARN_OBJC_ROOT_CLASS = YES_ERROR;
				CLANG_WARN_QUOTED_INCLUDE_IN_FRAMEWORK_HEADER = YES;
				CLANG_WARN_RANGE_LOOP_ANALYSIS = YES;
				CLANG_WARN_STRICT_PROTOTYPES = YES;
				CLANG_WARN_SUSPICIOUS_MOVE = YES;
				CLANG_WARN_UNGUARDED_AVAILABILITY = YES_AGGRESSIVE;
				CLANG_WARN_UNREACHABLE_CODE = YES;
				CLANG_WARN__DUPLICATE_METHOD_MATCH = YES;
				COPY_PHASE_STRIP = NO;
				DEBUG_INFORMATION_FORMAT = "dwarf-with-dsym";
				ENABLE_NS_ASSERTIONS = NO;
				ENABLE_STRICT_OBJC_MSGSEND = YES;
				ENABLE_USER_SCRIPT_SANDBOXING = YES;
				GCC_C_LANGUAGE_STANDARD = gnu17;
				GCC_NO_COMMON_BLOCKS = YES;
				GCC_WARN_64_TO_32_BIT_CONVERSION = YES;
				GCC_WARN_ABOUT_RETURN_TYPE = YES_ERROR;
				GCC_WARN_UNDECLARED_SELECTOR = YES;
				GCC_WARN_UNINITIALIZED_AUTOS = YES_AGGRESSIVE;
				GCC_WARN_UNUSED_FUNCTION = YES;
				GCC_WARN_UNUSED_VARIABLE = YES;
				IPHONEOS_DEPLOYMENT_TARGET = 17.2;
				LOCALIZATION_PREFERS_STRING_CATALOGS = YES;
				MTL_ENABLE_DEBUG_INFO = NO;
				MTL_FAST_MATH = YES;
				SDKROOT = iphoneos;
				SWIFT_COMPILATION_MODE = wholemodule;
				VALIDATE_PRODUCT = YES;
			};
			name = Release;
		};
		62285FF82BB010760079DF8B /* Debug */ = {
			isa = XCBuildConfiguration;
			buildSettings = {
				ASSETCATALOG_COMPILER_APPICON_NAME = AppIcon;
				ASSETCATALOG_COMPILER_GLOBAL_ACCENT_COLOR_NAME = AccentColor;
				CODE_SIGN_STYLE = Automatic;
				CURRENT_PROJECT_VERSION = 1;
				DEVELOPMENT_ASSET_PATHS = "\"AppStoreDemo/Preview Content\"";
				DEVELOPMENT_TEAM = ML2CJSB2YZ;
				ENABLE_PREVIEWS = YES;
				GENERATE_INFOPLIST_FILE = YES;
				INFOPLIST_KEY_UIApplicationSceneManifest_Generation = YES;
				INFOPLIST_KEY_UIApplicationSupportsIndirectInputEvents = YES;
				INFOPLIST_KEY_UILaunchScreen_Generation = YES;
				INFOPLIST_KEY_UISupportedInterfaceOrientations = UIInterfaceOrientationPortrait;
				INFOPLIST_KEY_UISupportedInterfaceOrientations_iPad = "UIInterfaceOrientationLandscapeLeft UIInterfaceOrientationLandscapeRight UIInterfaceOrientationPortrait UIInterfaceOrientationPortraitUpsideDown";
				IPHONEOS_DEPLOYMENT_TARGET = 17.0;
				LD_RUNPATH_SEARCH_PATHS = (
					"$(inherited)",
					"@executable_path/Frameworks",
				);
				MARKETING_VERSION = 1.0;
				PRODUCT_BUNDLE_IDENTIFIER = com.jjh.AppStoreDemo;
				PRODUCT_NAME = "$(TARGET_NAME)";
				SWIFT_EMIT_LOC_STRINGS = YES;
				SWIFT_VERSION = 5.0;
				TARGETED_DEVICE_FAMILY = "1,2";
			};
			name = Debug;
		};
		62285FF92BB010760079DF8B /* Release */ = {
			isa = XCBuildConfiguration;
			buildSettings = {
				ASSETCATALOG_COMPILER_APPICON_NAME = AppIcon;
				ASSETCATALOG_COMPILER_GLOBAL_ACCENT_COLOR_NAME = AccentColor;
				CODE_SIGN_STYLE = Automatic;
				CURRENT_PROJECT_VERSION = 1;
				DEVELOPMENT_ASSET_PATHS = "\"AppStoreDemo/Preview Content\"";
				DEVELOPMENT_TEAM = ML2CJSB2YZ;
				ENABLE_PREVIEWS = YES;
				GENERATE_INFOPLIST_FILE = YES;
				INFOPLIST_KEY_UIApplicationSceneManifest_Generation = YES;
				INFOPLIST_KEY_UIApplicationSupportsIndirectInputEvents = YES;
				INFOPLIST_KEY_UILaunchScreen_Generation = YES;
				INFOPLIST_KEY_UISupportedInterfaceOrientations = UIInterfaceOrientationPortrait;
				INFOPLIST_KEY_UISupportedInterfaceOrientations_iPad = "UIInterfaceOrientationLandscapeLeft UIInterfaceOrientationLandscapeRight UIInterfaceOrientationPortrait UIInterfaceOrientationPortraitUpsideDown";
				IPHONEOS_DEPLOYMENT_TARGET = 17.0;
				LD_RUNPATH_SEARCH_PATHS = (
					"$(inherited)",
					"@executable_path/Frameworks",
				);
				MARKETING_VERSION = 1.0;
				PRODUCT_BUNDLE_IDENTIFIER = com.jjh.AppStoreDemo;
				PRODUCT_NAME = "$(TARGET_NAME)";
				SWIFT_EMIT_LOC_STRINGS = YES;
				SWIFT_VERSION = 5.0;
				TARGETED_DEVICE_FAMILY = "1,2";
			};
			name = Release;
		};
/* End XCBuildConfiguration section */

/* Begin XCConfigurationList section */
		62285FE42BB010750079DF8B /* Build configuration list for PBXProject "AppStoreDemo" */ = {
			isa = XCConfigurationList;
			buildConfigurations = (
				62285FF52BB010760079DF8B /* Debug */,
				62285FF62BB010760079DF8B /* Release */,
			);
			defaultConfigurationIsVisible = 0;
			defaultConfigurationName = Release;
		};
		62285FF72BB010760079DF8B /* Build configuration list for PBXNativeTarget "AppStoreDemo" */ = {
			isa = XCConfigurationList;
			buildConfigurations = (
				62285FF82BB010760079DF8B /* Debug */,
				62285FF92BB010760079DF8B /* Release */,
			);
			defaultConfigurationIsVisible = 0;
			defaultConfigurationName = Release;
		};
/* End XCConfigurationList section */
	};
	rootObject = 62285FE12BB010750079DF8B /* Project object */;
}
